
Microsoft Visual Studio Solution File, Format Version 12.00
# Visual Studio 14
VisualStudioVersion = 14.0.25420.1
MinimumVisualStudioVersion = 10.0.40219.1
Project("{FAE04EC0-301F-11D3-BF4B-00C04F79EFBC}") = "DocumentFormat.ReadWriteExcel", "DocumentFormat.ReadWriteExcel\DocumentFormat.ReadWriteExcel.csproj", "{EFB34327-2FA9-4378-BF23-9442BEE3F14C}"
EndProject
Project("{FAE04EC0-301F-11D3-BF4B-00C04F79EFBC}") = "SpreadsheetLight.Hello", "SpreadsheetLight.Hello\SpreadsheetLight.Hello.csproj", "{4066BD88-B2D2-4D0D-8780-B460D98EB727}"
EndProject
Project("{FAE04EC0-301F-11D3-BF4B-00C04F79EFBC}") = "SpreadsheetLight.InsertTable", "SpreadsheetLight.InsertTable\SpreadsheetLight.InsertTable.csproj", "{7A5BE976-F534-49F1-A323-743E11D1B861}"
EndProject
Project("{FAE04EC0-301F-11D3-BF4B-00C04F79EFBC}") = "SpreadsheetLight.InsertRow", "SpreadsheetLight.InsertRow\SpreadsheetLight.InsertRow.csproj", "{40D5412F-7D3C-4174-8925-1F9B5B5F2152}"
EndProject
Project("{FAE04EC0-301F-11D3-BF4B-00C04F79EFBC}") = "OpenXmlUtils.Hello", "OpenXmlUtils.Hello\OpenXmlUtils.Hello.csproj", "{3D334B9B-E4FF-4960-85BA-CBF2A0A33D79}"
EndProject
Global
	GlobalSection(SolutionConfigurationPlatforms) = preSolution
		Debug|Any CPU = Debug|Any CPU
		Release|Any CPU = Release|Any CPU
	EndGlobalSection
	GlobalSection(ProjectConfigurationPlatforms) = postSolution
		{EFB34327-2FA9-4378-BF23-9442BEE3F14C}.Debug|Any CPU.ActiveCfg = Debug|Any CPU
		{EFB34327-2FA9-4378-BF23-9442BEE3F14C}.Debug|Any CPU.Build.0 = Debug|Any CPU
		{EFB34327-2FA9-4378-BF23-9442BEE3F14C}.Release|Any CPU.ActiveCfg = Release|Any CPU
		{EFB34327-2FA9-4378-BF23-9442BEE3F14C}.Release|Any CPU.Build.0 = Release|Any CPU
		{4066BD88-B2D2-4D0D-8780-B460D98EB727}.Debug|Any CPU.ActiveCfg = Debug|Any CPU
		{4066BD88-B2D2-4D0D-8780-B460D98EB727}.Debug|Any CPU.Build.0 = Debug|Any CPU
		{4066BD88-B2D2-4D0D-8780-B460D98EB727}.Release|Any CPU.ActiveCfg = Release|Any CPU
		{4066BD88-B2D2-4D0D-8780-B460D98EB727}.Release|Any CPU.Build.0 = Release|Any CPU
		{7A5BE976-F534-49F1-A323-743E11D1B861}.Debug|Any CPU.ActiveCfg = Debug|Any CPU
		{7A5BE976-F534-49F1-A323-743E11D1B861}.Debug|Any CPU.Build.0 = Debug|Any CPU
		{7A5BE976-F534-49F1-A323-743E11D1B861}.Release|Any CPU.ActiveCfg = Release|Any CPU
		{7A5BE976-F534-49F1-A323-743E11D1B861}.Release|Any CPU.Build.0 = Release|Any CPU
		{40D5412F-7D3C-4174-8925-1F9B5B5F2152}.Debug|Any CPU.ActiveCfg = Debug|Any CPU
		{40D5412F-7D3C-4174-8925-1F9B5B5F2152}.Debug|Any CPU.Build.0 = Debug|Any CPU
		{40D5412F-7D3C-4174-8925-1F9B5B5F2152}.Release|Any CPU.ActiveCfg = Release|Any CPU
		{40D5412F-7D3C-4174-8925-1F9B5B5F2152}.Release|Any CPU.Build.0 = Release|Any CPU
		{3D334B9B-E4FF-4960-85BA-CBF2A0A33D79}.Debug|Any CPU.ActiveCfg = Debug|Any CPU
		{3D334B9B-E4FF-4960-85BA-CBF2A0A33D79}.Debug|Any CPU.Build.0 = Debug|Any CPU
		{3D334B9B-E4FF-4960-85BA-CBF2A0A33D79}.Release|Any CPU.ActiveCfg = Release|Any CPU
		{3D334B9B-E4FF-4960-85BA-CBF2A0A33D79}.Release|Any CPU.Build.0 = Release|Any CPU
	EndGlobalSection
	GlobalSection(SolutionProperties) = preSolution
		HideSolutionNode = FALSE
	EndGlobalSection
EndGlobal
