
Microsoft Visual Studio Solution File, Format Version 12.00
# Visual Studio 14
VisualStudioVersion = 14.0.25420.1
MinimumVisualStudioVersion = 10.0.40219.1
Project("{FAE04EC0-301F-11D3-BF4B-00C04F79EFBC}") = "DocumentFormat.ReadWriteExcel", "DocumentFormat.ReadWriteExcel\DocumentFormat.ReadWriteExcel.csproj", "{EFB34327-2FA9-4378-BF23-9442BEE3F14C}"
EndProject
Project("{FAE04EC0-301F-11D3-BF4B-00C04F79EFBC}") = "SpreadsheetLight.Hello", "SpreadsheetLight.Hello\SpreadsheetLight.Hello.csproj", "{4066BD88-B2D2-4D0D-8780-B460D98EB727}"
EndProject
Project("{FAE04EC0-301F-11D3-BF4B-00C04F79EFBC}") = "SpreadsheetLight.InsertTable", "SpreadsheetLight.InsertTable\SpreadsheetLight.InsertTable.csproj", "{7A5BE976-F534-49F1-A323-743E11D1B861}"
EndProject
Project("{FAE04EC0-301F-11D3-BF4B-00C04F79EFBC}") = "SpreadsheetLight.InsertRow", "SpreadsheetLight.InsertRow\SpreadsheetLight.InsertRow.csproj", "{40D5412F-7D3C-4174-8925-1F9B5B5F2152}"
EndProject
Project("{FAE04EC0-301F-11D3-BF4B-00C04F79EFBC}") = "OpenXmlUtils.Hello", "OpenXmlUtils.Hello\OpenXmlUtils.Hello.csproj", "{3D334B9B-E4FF-4960-85BA-CBF2A0A33D79}"
EndProject
Project("{FAE04EC0-301F-11D3-BF4B-00C04F79EFBC}") = "OpenXmlUtils", "..\OpenXmlUtils\OpenXmlUtils\OpenXmlUtils.csproj", "{5B803DEF-1248-4160-800C-F90287A807B2}"
EndProject
Project("{FAE04EC0-301F-11D3-BF4B-00C04F79EFBC}") = "DocumentFormat", "DocumentFormat\DocumentFormat.csproj", "{C1518DFB-2A57-43E1-AE4A-2E86F23479E6}"
EndProject
Project("{FAE04EC0-301F-11D3-BF4B-00C04F79EFBC}") = "EPPlus", "EPPlus\EPPlus.csproj", "{8E595636-64A0-4505-BEF9-A80F480B4956}"
EndProject
Global
	GlobalSection(SolutionConfigurationPlatforms) = preSolution
		Debug|Any CPU = Debug|Any CPU
		Debug|x64 = Debug|x64
		DEV|Any CPU = DEV|Any CPU
		DEV|x64 = DEV|x64
		HOTFIX|Any CPU = HOTFIX|Any CPU
		HOTFIX|x64 = HOTFIX|x64
		PROD|Any CPU = PROD|Any CPU
		PROD|x64 = PROD|x64
		Release|Any CPU = Release|Any CPU
		Release|x64 = Release|x64
		TestAccount|Any CPU = TestAccount|Any CPU
		TestAccount|x64 = TestAccount|x64
		UAT|Any CPU = UAT|Any CPU
		UAT|x64 = UAT|x64
	EndGlobalSection
	GlobalSection(ProjectConfigurationPlatforms) = postSolution
		{EFB34327-2FA9-4378-BF23-9442BEE3F14C}.Debug|Any CPU.ActiveCfg = Debug|Any CPU
		{EFB34327-2FA9-4378-BF23-9442BEE3F14C}.Debug|Any CPU.Build.0 = Debug|Any CPU
		{EFB34327-2FA9-4378-BF23-9442BEE3F14C}.Debug|x64.ActiveCfg = Debug|Any CPU
		{EFB34327-2FA9-4378-BF23-9442BEE3F14C}.Debug|x64.Build.0 = Debug|Any CPU
		{EFB34327-2FA9-4378-BF23-9442BEE3F14C}.DEV|Any CPU.ActiveCfg = Debug|Any CPU
		{EFB34327-2FA9-4378-BF23-9442BEE3F14C}.DEV|Any CPU.Build.0 = Debug|Any CPU
		{EFB34327-2FA9-4378-BF23-9442BEE3F14C}.DEV|x64.ActiveCfg = Debug|Any CPU
		{EFB34327-2FA9-4378-BF23-9442BEE3F14C}.DEV|x64.Build.0 = Debug|Any CPU
		{EFB34327-2FA9-4378-BF23-9442BEE3F14C}.HOTFIX|Any CPU.ActiveCfg = Release|Any CPU
		{EFB34327-2FA9-4378-BF23-9442BEE3F14C}.HOTFIX|Any CPU.Build.0 = Release|Any CPU
		{EFB34327-2FA9-4378-BF23-9442BEE3F14C}.HOTFIX|x64.ActiveCfg = Release|Any CPU
		{EFB34327-2FA9-4378-BF23-9442BEE3F14C}.HOTFIX|x64.Build.0 = Release|Any CPU
		{EFB34327-2FA9-4378-BF23-9442BEE3F14C}.PROD|Any CPU.ActiveCfg = Release|Any CPU
		{EFB34327-2FA9-4378-BF23-9442BEE3F14C}.PROD|Any CPU.Build.0 = Release|Any CPU
		{EFB34327-2FA9-4378-BF23-9442BEE3F14C}.PROD|x64.ActiveCfg = Release|Any CPU
		{EFB34327-2FA9-4378-BF23-9442BEE3F14C}.PROD|x64.Build.0 = Release|Any CPU
		{EFB34327-2FA9-4378-BF23-9442BEE3F14C}.Release|Any CPU.ActiveCfg = Release|Any CPU
		{EFB34327-2FA9-4378-BF23-9442BEE3F14C}.Release|Any CPU.Build.0 = Release|Any CPU
		{EFB34327-2FA9-4378-BF23-9442BEE3F14C}.Release|x64.ActiveCfg = Release|Any CPU
		{EFB34327-2FA9-4378-BF23-9442BEE3F14C}.Release|x64.Build.0 = Release|Any CPU
		{EFB34327-2FA9-4378-BF23-9442BEE3F14C}.TestAccount|Any CPU.ActiveCfg = Release|Any CPU
		{EFB34327-2FA9-4378-BF23-9442BEE3F14C}.TestAccount|Any CPU.Build.0 = Release|Any CPU
		{EFB34327-2FA9-4378-BF23-9442BEE3F14C}.TestAccount|x64.ActiveCfg = Release|Any CPU
		{EFB34327-2FA9-4378-BF23-9442BEE3F14C}.TestAccount|x64.Build.0 = Release|Any CPU
		{EFB34327-2FA9-4378-BF23-9442BEE3F14C}.UAT|Any CPU.ActiveCfg = Release|Any CPU
		{EFB34327-2FA9-4378-BF23-9442BEE3F14C}.UAT|Any CPU.Build.0 = Release|Any CPU
		{EFB34327-2FA9-4378-BF23-9442BEE3F14C}.UAT|x64.ActiveCfg = Release|Any CPU
		{EFB34327-2FA9-4378-BF23-9442BEE3F14C}.UAT|x64.Build.0 = Release|Any CPU
		{4066BD88-B2D2-4D0D-8780-B460D98EB727}.Debug|Any CPU.ActiveCfg = Debug|Any CPU
		{4066BD88-B2D2-4D0D-8780-B460D98EB727}.Debug|Any CPU.Build.0 = Debug|Any CPU
		{4066BD88-B2D2-4D0D-8780-B460D98EB727}.Debug|x64.ActiveCfg = Debug|Any CPU
		{4066BD88-B2D2-4D0D-8780-B460D98EB727}.Debug|x64.Build.0 = Debug|Any CPU
		{4066BD88-B2D2-4D0D-8780-B460D98EB727}.DEV|Any CPU.ActiveCfg = Debug|Any CPU
		{4066BD88-B2D2-4D0D-8780-B460D98EB727}.DEV|Any CPU.Build.0 = Debug|Any CPU
		{4066BD88-B2D2-4D0D-8780-B460D98EB727}.DEV|x64.ActiveCfg = Debug|Any CPU
		{4066BD88-B2D2-4D0D-8780-B460D98EB727}.DEV|x64.Build.0 = Debug|Any CPU
		{4066BD88-B2D2-4D0D-8780-B460D98EB727}.HOTFIX|Any CPU.ActiveCfg = Release|Any CPU
		{4066BD88-B2D2-4D0D-8780-B460D98EB727}.HOTFIX|Any CPU.Build.0 = Release|Any CPU
		{4066BD88-B2D2-4D0D-8780-B460D98EB727}.HOTFIX|x64.ActiveCfg = Release|Any CPU
		{4066BD88-B2D2-4D0D-8780-B460D98EB727}.HOTFIX|x64.Build.0 = Release|Any CPU
		{4066BD88-B2D2-4D0D-8780-B460D98EB727}.PROD|Any CPU.ActiveCfg = Release|Any CPU
		{4066BD88-B2D2-4D0D-8780-B460D98EB727}.PROD|Any CPU.Build.0 = Release|Any CPU
		{4066BD88-B2D2-4D0D-8780-B460D98EB727}.PROD|x64.ActiveCfg = Release|Any CPU
		{4066BD88-B2D2-4D0D-8780-B460D98EB727}.PROD|x64.Build.0 = Release|Any CPU
		{4066BD88-B2D2-4D0D-8780-B460D98EB727}.Release|Any CPU.ActiveCfg = Release|Any CPU
		{4066BD88-B2D2-4D0D-8780-B460D98EB727}.Release|Any CPU.Build.0 = Release|Any CPU
		{4066BD88-B2D2-4D0D-8780-B460D98EB727}.Release|x64.ActiveCfg = Release|Any CPU
		{4066BD88-B2D2-4D0D-8780-B460D98EB727}.Release|x64.Build.0 = Release|Any CPU
		{4066BD88-B2D2-4D0D-8780-B460D98EB727}.TestAccount|Any CPU.ActiveCfg = Release|Any CPU
		{4066BD88-B2D2-4D0D-8780-B460D98EB727}.TestAccount|Any CPU.Build.0 = Release|Any CPU
		{4066BD88-B2D2-4D0D-8780-B460D98EB727}.TestAccount|x64.ActiveCfg = Release|Any CPU
		{4066BD88-B2D2-4D0D-8780-B460D98EB727}.TestAccount|x64.Build.0 = Release|Any CPU
		{4066BD88-B2D2-4D0D-8780-B460D98EB727}.UAT|Any CPU.ActiveCfg = Release|Any CPU
		{4066BD88-B2D2-4D0D-8780-B460D98EB727}.UAT|Any CPU.Build.0 = Release|Any CPU
		{4066BD88-B2D2-4D0D-8780-B460D98EB727}.UAT|x64.ActiveCfg = Release|Any CPU
		{4066BD88-B2D2-4D0D-8780-B460D98EB727}.UAT|x64.Build.0 = Release|Any CPU
		{7A5BE976-F534-49F1-A323-743E11D1B861}.Debug|Any CPU.ActiveCfg = Debug|Any CPU
		{7A5BE976-F534-49F1-A323-743E11D1B861}.Debug|Any CPU.Build.0 = Debug|Any CPU
		{7A5BE976-F534-49F1-A323-743E11D1B861}.Debug|x64.ActiveCfg = Debug|Any CPU
		{7A5BE976-F534-49F1-A323-743E11D1B861}.Debug|x64.Build.0 = Debug|Any CPU
		{7A5BE976-F534-49F1-A323-743E11D1B861}.DEV|Any CPU.ActiveCfg = Debug|Any CPU
		{7A5BE976-F534-49F1-A323-743E11D1B861}.DEV|Any CPU.Build.0 = Debug|Any CPU
		{7A5BE976-F534-49F1-A323-743E11D1B861}.DEV|x64.ActiveCfg = Debug|Any CPU
		{7A5BE976-F534-49F1-A323-743E11D1B861}.DEV|x64.Build.0 = Debug|Any CPU
		{7A5BE976-F534-49F1-A323-743E11D1B861}.HOTFIX|Any CPU.ActiveCfg = Release|Any CPU
		{7A5BE976-F534-49F1-A323-743E11D1B861}.HOTFIX|Any CPU.Build.0 = Release|Any CPU
		{7A5BE976-F534-49F1-A323-743E11D1B861}.HOTFIX|x64.ActiveCfg = Release|Any CPU
		{7A5BE976-F534-49F1-A323-743E11D1B861}.HOTFIX|x64.Build.0 = Release|Any CPU
		{7A5BE976-F534-49F1-A323-743E11D1B861}.PROD|Any CPU.ActiveCfg = Release|Any CPU
		{7A5BE976-F534-49F1-A323-743E11D1B861}.PROD|Any CPU.Build.0 = Release|Any CPU
		{7A5BE976-F534-49F1-A323-743E11D1B861}.PROD|x64.ActiveCfg = Release|Any CPU
		{7A5BE976-F534-49F1-A323-743E11D1B861}.PROD|x64.Build.0 = Release|Any CPU
		{7A5BE976-F534-49F1-A323-743E11D1B861}.Release|Any CPU.ActiveCfg = Release|Any CPU
		{7A5BE976-F534-49F1-A323-743E11D1B861}.Release|Any CPU.Build.0 = Release|Any CPU
		{7A5BE976-F534-49F1-A323-743E11D1B861}.Release|x64.ActiveCfg = Release|Any CPU
		{7A5BE976-F534-49F1-A323-743E11D1B861}.Release|x64.Build.0 = Release|Any CPU
		{7A5BE976-F534-49F1-A323-743E11D1B861}.TestAccount|Any CPU.ActiveCfg = Release|Any CPU
		{7A5BE976-F534-49F1-A323-743E11D1B861}.TestAccount|Any CPU.Build.0 = Release|Any CPU
		{7A5BE976-F534-49F1-A323-743E11D1B861}.TestAccount|x64.ActiveCfg = Release|Any CPU
		{7A5BE976-F534-49F1-A323-743E11D1B861}.TestAccount|x64.Build.0 = Release|Any CPU
		{7A5BE976-F534-49F1-A323-743E11D1B861}.UAT|Any CPU.ActiveCfg = Release|Any CPU
		{7A5BE976-F534-49F1-A323-743E11D1B861}.UAT|Any CPU.Build.0 = Release|Any CPU
		{7A5BE976-F534-49F1-A323-743E11D1B861}.UAT|x64.ActiveCfg = Release|Any CPU
		{7A5BE976-F534-49F1-A323-743E11D1B861}.UAT|x64.Build.0 = Release|Any CPU
		{40D5412F-7D3C-4174-8925-1F9B5B5F2152}.Debug|Any CPU.ActiveCfg = Debug|Any CPU
		{40D5412F-7D3C-4174-8925-1F9B5B5F2152}.Debug|Any CPU.Build.0 = Debug|Any CPU
		{40D5412F-7D3C-4174-8925-1F9B5B5F2152}.Debug|x64.ActiveCfg = Debug|Any CPU
		{40D5412F-7D3C-4174-8925-1F9B5B5F2152}.Debug|x64.Build.0 = Debug|Any CPU
		{40D5412F-7D3C-4174-8925-1F9B5B5F2152}.DEV|Any CPU.ActiveCfg = Debug|Any CPU
		{40D5412F-7D3C-4174-8925-1F9B5B5F2152}.DEV|Any CPU.Build.0 = Debug|Any CPU
		{40D5412F-7D3C-4174-8925-1F9B5B5F2152}.DEV|x64.ActiveCfg = Debug|Any CPU
		{40D5412F-7D3C-4174-8925-1F9B5B5F2152}.DEV|x64.Build.0 = Debug|Any CPU
		{40D5412F-7D3C-4174-8925-1F9B5B5F2152}.HOTFIX|Any CPU.ActiveCfg = Release|Any CPU
		{40D5412F-7D3C-4174-8925-1F9B5B5F2152}.HOTFIX|Any CPU.Build.0 = Release|Any CPU
		{40D5412F-7D3C-4174-8925-1F9B5B5F2152}.HOTFIX|x64.ActiveCfg = Release|Any CPU
		{40D5412F-7D3C-4174-8925-1F9B5B5F2152}.HOTFIX|x64.Build.0 = Release|Any CPU
		{40D5412F-7D3C-4174-8925-1F9B5B5F2152}.PROD|Any CPU.ActiveCfg = Release|Any CPU
		{40D5412F-7D3C-4174-8925-1F9B5B5F2152}.PROD|Any CPU.Build.0 = Release|Any CPU
		{40D5412F-7D3C-4174-8925-1F9B5B5F2152}.PROD|x64.ActiveCfg = Release|Any CPU
		{40D5412F-7D3C-4174-8925-1F9B5B5F2152}.PROD|x64.Build.0 = Release|Any CPU
		{40D5412F-7D3C-4174-8925-1F9B5B5F2152}.Release|Any CPU.ActiveCfg = Release|Any CPU
		{40D5412F-7D3C-4174-8925-1F9B5B5F2152}.Release|Any CPU.Build.0 = Release|Any CPU
		{40D5412F-7D3C-4174-8925-1F9B5B5F2152}.Release|x64.ActiveCfg = Release|Any CPU
		{40D5412F-7D3C-4174-8925-1F9B5B5F2152}.Release|x64.Build.0 = Release|Any CPU
		{40D5412F-7D3C-4174-8925-1F9B5B5F2152}.TestAccount|Any CPU.ActiveCfg = Release|Any CPU
		{40D5412F-7D3C-4174-8925-1F9B5B5F2152}.TestAccount|Any CPU.Build.0 = Release|Any CPU
		{40D5412F-7D3C-4174-8925-1F9B5B5F2152}.TestAccount|x64.ActiveCfg = Release|Any CPU
		{40D5412F-7D3C-4174-8925-1F9B5B5F2152}.TestAccount|x64.Build.0 = Release|Any CPU
		{40D5412F-7D3C-4174-8925-1F9B5B5F2152}.UAT|Any CPU.ActiveCfg = Release|Any CPU
		{40D5412F-7D3C-4174-8925-1F9B5B5F2152}.UAT|Any CPU.Build.0 = Release|Any CPU
		{40D5412F-7D3C-4174-8925-1F9B5B5F2152}.UAT|x64.ActiveCfg = Release|Any CPU
		{40D5412F-7D3C-4174-8925-1F9B5B5F2152}.UAT|x64.Build.0 = Release|Any CPU
		{3D334B9B-E4FF-4960-85BA-CBF2A0A33D79}.Debug|Any CPU.ActiveCfg = Debug|Any CPU
		{3D334B9B-E4FF-4960-85BA-CBF2A0A33D79}.Debug|Any CPU.Build.0 = Debug|Any CPU
		{3D334B9B-E4FF-4960-85BA-CBF2A0A33D79}.Debug|x64.ActiveCfg = Debug|Any CPU
		{3D334B9B-E4FF-4960-85BA-CBF2A0A33D79}.Debug|x64.Build.0 = Debug|Any CPU
		{3D334B9B-E4FF-4960-85BA-CBF2A0A33D79}.DEV|Any CPU.ActiveCfg = Debug|Any CPU
		{3D334B9B-E4FF-4960-85BA-CBF2A0A33D79}.DEV|Any CPU.Build.0 = Debug|Any CPU
		{3D334B9B-E4FF-4960-85BA-CBF2A0A33D79}.DEV|x64.ActiveCfg = Debug|Any CPU
		{3D334B9B-E4FF-4960-85BA-CBF2A0A33D79}.DEV|x64.Build.0 = Debug|Any CPU
		{3D334B9B-E4FF-4960-85BA-CBF2A0A33D79}.HOTFIX|Any CPU.ActiveCfg = Release|Any CPU
		{3D334B9B-E4FF-4960-85BA-CBF2A0A33D79}.HOTFIX|Any CPU.Build.0 = Release|Any CPU
		{3D334B9B-E4FF-4960-85BA-CBF2A0A33D79}.HOTFIX|x64.ActiveCfg = Release|Any CPU
		{3D334B9B-E4FF-4960-85BA-CBF2A0A33D79}.HOTFIX|x64.Build.0 = Release|Any CPU
		{3D334B9B-E4FF-4960-85BA-CBF2A0A33D79}.PROD|Any CPU.ActiveCfg = Release|Any CPU
		{3D334B9B-E4FF-4960-85BA-CBF2A0A33D79}.PROD|Any CPU.Build.0 = Release|Any CPU
		{3D334B9B-E4FF-4960-85BA-CBF2A0A33D79}.PROD|x64.ActiveCfg = Release|Any CPU
		{3D334B9B-E4FF-4960-85BA-CBF2A0A33D79}.PROD|x64.Build.0 = Release|Any CPU
		{3D334B9B-E4FF-4960-85BA-CBF2A0A33D79}.Release|Any CPU.ActiveCfg = Release|Any CPU
		{3D334B9B-E4FF-4960-85BA-CBF2A0A33D79}.Release|Any CPU.Build.0 = Release|Any CPU
		{3D334B9B-E4FF-4960-85BA-CBF2A0A33D79}.Release|x64.ActiveCfg = Release|Any CPU
		{3D334B9B-E4FF-4960-85BA-CBF2A0A33D79}.Release|x64.Build.0 = Release|Any CPU
		{3D334B9B-E4FF-4960-85BA-CBF2A0A33D79}.TestAccount|Any CPU.ActiveCfg = Release|Any CPU
		{3D334B9B-E4FF-4960-85BA-CBF2A0A33D79}.TestAccount|Any CPU.Build.0 = Release|Any CPU
		{3D334B9B-E4FF-4960-85BA-CBF2A0A33D79}.TestAccount|x64.ActiveCfg = Release|Any CPU
		{3D334B9B-E4FF-4960-85BA-CBF2A0A33D79}.TestAccount|x64.Build.0 = Release|Any CPU
		{3D334B9B-E4FF-4960-85BA-CBF2A0A33D79}.UAT|Any CPU.ActiveCfg = Release|Any CPU
		{3D334B9B-E4FF-4960-85BA-CBF2A0A33D79}.UAT|Any CPU.Build.0 = Release|Any CPU
		{3D334B9B-E4FF-4960-85BA-CBF2A0A33D79}.UAT|x64.ActiveCfg = Release|Any CPU
		{3D334B9B-E4FF-4960-85BA-CBF2A0A33D79}.UAT|x64.Build.0 = Release|Any CPU
		{5B803DEF-1248-4160-800C-F90287A807B2}.Debug|Any CPU.ActiveCfg = Debug|Any CPU
		{5B803DEF-1248-4160-800C-F90287A807B2}.Debug|Any CPU.Build.0 = Debug|Any CPU
		{5B803DEF-1248-4160-800C-F90287A807B2}.Debug|x64.ActiveCfg = Debug|x64
		{5B803DEF-1248-4160-800C-F90287A807B2}.Debug|x64.Build.0 = Debug|x64
		{5B803DEF-1248-4160-800C-F90287A807B2}.DEV|Any CPU.ActiveCfg = DEV|Any CPU
		{5B803DEF-1248-4160-800C-F90287A807B2}.DEV|Any CPU.Build.0 = DEV|Any CPU
		{5B803DEF-1248-4160-800C-F90287A807B2}.DEV|x64.ActiveCfg = DEV|x64
		{5B803DEF-1248-4160-800C-F90287A807B2}.DEV|x64.Build.0 = DEV|x64
		{5B803DEF-1248-4160-800C-F90287A807B2}.HOTFIX|Any CPU.ActiveCfg = HOTFIX|Any CPU
		{5B803DEF-1248-4160-800C-F90287A807B2}.HOTFIX|Any CPU.Build.0 = HOTFIX|Any CPU
		{5B803DEF-1248-4160-800C-F90287A807B2}.HOTFIX|x64.ActiveCfg = HOTFIX|x64
		{5B803DEF-1248-4160-800C-F90287A807B2}.HOTFIX|x64.Build.0 = HOTFIX|x64
		{5B803DEF-1248-4160-800C-F90287A807B2}.PROD|Any CPU.ActiveCfg = PROD|Any CPU
		{5B803DEF-1248-4160-800C-F90287A807B2}.PROD|Any CPU.Build.0 = PROD|Any CPU
		{5B803DEF-1248-4160-800C-F90287A807B2}.PROD|x64.ActiveCfg = PROD|x64
		{5B803DEF-1248-4160-800C-F90287A807B2}.PROD|x64.Build.0 = PROD|x64
		{5B803DEF-1248-4160-800C-F90287A807B2}.Release|Any CPU.ActiveCfg = Release|Any CPU
		{5B803DEF-1248-4160-800C-F90287A807B2}.Release|Any CPU.Build.0 = Release|Any CPU
		{5B803DEF-1248-4160-800C-F90287A807B2}.Release|x64.ActiveCfg = Release|x64
		{5B803DEF-1248-4160-800C-F90287A807B2}.Release|x64.Build.0 = Release|x64
		{5B803DEF-1248-4160-800C-F90287A807B2}.TestAccount|Any CPU.ActiveCfg = TestAccount|Any CPU
		{5B803DEF-1248-4160-800C-F90287A807B2}.TestAccount|Any CPU.Build.0 = TestAccount|Any CPU
		{5B803DEF-1248-4160-800C-F90287A807B2}.TestAccount|x64.ActiveCfg = TestAccount|x64
		{5B803DEF-1248-4160-800C-F90287A807B2}.TestAccount|x64.Build.0 = TestAccount|x64
		{5B803DEF-1248-4160-800C-F90287A807B2}.UAT|Any CPU.ActiveCfg = UAT|Any CPU
		{5B803DEF-1248-4160-800C-F90287A807B2}.UAT|Any CPU.Build.0 = UAT|Any CPU
		{5B803DEF-1248-4160-800C-F90287A807B2}.UAT|x64.ActiveCfg = UAT|x64
		{5B803DEF-1248-4160-800C-F90287A807B2}.UAT|x64.Build.0 = UAT|x64
		{C1518DFB-2A57-43E1-AE4A-2E86F23479E6}.Debug|Any CPU.ActiveCfg = Debug|Any CPU
		{C1518DFB-2A57-43E1-AE4A-2E86F23479E6}.Debug|Any CPU.Build.0 = Debug|Any CPU
		{C1518DFB-2A57-43E1-AE4A-2E86F23479E6}.Debug|x64.ActiveCfg = Debug|Any CPU
		{C1518DFB-2A57-43E1-AE4A-2E86F23479E6}.Debug|x64.Build.0 = Debug|Any CPU
		{C1518DFB-2A57-43E1-AE4A-2E86F23479E6}.DEV|Any CPU.ActiveCfg = Debug|Any CPU
		{C1518DFB-2A57-43E1-AE4A-2E86F23479E6}.DEV|Any CPU.Build.0 = Debug|Any CPU
		{C1518DFB-2A57-43E1-AE4A-2E86F23479E6}.DEV|x64.ActiveCfg = Debug|Any CPU
		{C1518DFB-2A57-43E1-AE4A-2E86F23479E6}.DEV|x64.Build.0 = Debug|Any CPU
		{C1518DFB-2A57-43E1-AE4A-2E86F23479E6}.HOTFIX|Any CPU.ActiveCfg = Release|Any CPU
		{C1518DFB-2A57-43E1-AE4A-2E86F23479E6}.HOTFIX|Any CPU.Build.0 = Release|Any CPU
		{C1518DFB-2A57-43E1-AE4A-2E86F23479E6}.HOTFIX|x64.ActiveCfg = Release|Any CPU
		{C1518DFB-2A57-43E1-AE4A-2E86F23479E6}.HOTFIX|x64.Build.0 = Release|Any CPU
		{C1518DFB-2A57-43E1-AE4A-2E86F23479E6}.PROD|Any CPU.ActiveCfg = Release|Any CPU
		{C1518DFB-2A57-43E1-AE4A-2E86F23479E6}.PROD|Any CPU.Build.0 = Release|Any CPU
		{C1518DFB-2A57-43E1-AE4A-2E86F23479E6}.PROD|x64.ActiveCfg = Release|Any CPU
		{C1518DFB-2A57-43E1-AE4A-2E86F23479E6}.PROD|x64.Build.0 = Release|Any CPU
		{C1518DFB-2A57-43E1-AE4A-2E86F23479E6}.Release|Any CPU.ActiveCfg = Release|Any CPU
		{C1518DFB-2A57-43E1-AE4A-2E86F23479E6}.Release|Any CPU.Build.0 = Release|Any CPU
		{C1518DFB-2A57-43E1-AE4A-2E86F23479E6}.Release|x64.ActiveCfg = Release|Any CPU
		{C1518DFB-2A57-43E1-AE4A-2E86F23479E6}.Release|x64.Build.0 = Release|Any CPU
		{C1518DFB-2A57-43E1-AE4A-2E86F23479E6}.TestAccount|Any CPU.ActiveCfg = Release|Any CPU
		{C1518DFB-2A57-43E1-AE4A-2E86F23479E6}.TestAccount|Any CPU.Build.0 = Release|Any CPU
		{C1518DFB-2A57-43E1-AE4A-2E86F23479E6}.TestAccount|x64.ActiveCfg = Release|Any CPU
		{C1518DFB-2A57-43E1-AE4A-2E86F23479E6}.TestAccount|x64.Build.0 = Release|Any CPU
		{C1518DFB-2A57-43E1-AE4A-2E86F23479E6}.UAT|Any CPU.ActiveCfg = Release|Any CPU
		{C1518DFB-2A57-43E1-AE4A-2E86F23479E6}.UAT|Any CPU.Build.0 = Release|Any CPU
		{C1518DFB-2A57-43E1-AE4A-2E86F23479E6}.UAT|x64.ActiveCfg = Release|Any CPU
		{C1518DFB-2A57-43E1-AE4A-2E86F23479E6}.UAT|x64.Build.0 = Release|Any CPU
		{8E595636-64A0-4505-BEF9-A80F480B4956}.Debug|Any CPU.ActiveCfg = Debug|Any CPU
		{8E595636-64A0-4505-BEF9-A80F480B4956}.Debug|Any CPU.Build.0 = Debug|Any CPU
		{8E595636-64A0-4505-BEF9-A80F480B4956}.Debug|x64.ActiveCfg = Debug|Any CPU
		{8E595636-64A0-4505-BEF9-A80F480B4956}.Debug|x64.Build.0 = Debug|Any CPU
		{8E595636-64A0-4505-BEF9-A80F480B4956}.DEV|Any CPU.ActiveCfg = Debug|Any CPU
		{8E595636-64A0-4505-BEF9-A80F480B4956}.DEV|Any CPU.Build.0 = Debug|Any CPU
		{8E595636-64A0-4505-BEF9-A80F480B4956}.DEV|x64.ActiveCfg = Debug|Any CPU
		{8E595636-64A0-4505-BEF9-A80F480B4956}.DEV|x64.Build.0 = Debug|Any CPU
		{8E595636-64A0-4505-BEF9-A80F480B4956}.HOTFIX|Any CPU.ActiveCfg = Release|Any CPU
		{8E595636-64A0-4505-BEF9-A80F480B4956}.HOTFIX|Any CPU.Build.0 = Release|Any CPU
		{8E595636-64A0-4505-BEF9-A80F480B4956}.HOTFIX|x64.ActiveCfg = Release|Any CPU
		{8E595636-64A0-4505-BEF9-A80F480B4956}.HOTFIX|x64.Build.0 = Release|Any CPU
		{8E595636-64A0-4505-BEF9-A80F480B4956}.PROD|Any CPU.ActiveCfg = Release|Any CPU
		{8E595636-64A0-4505-BEF9-A80F480B4956}.PROD|Any CPU.Build.0 = Release|Any CPU
		{8E595636-64A0-4505-BEF9-A80F480B4956}.PROD|x64.ActiveCfg = Release|Any CPU
		{8E595636-64A0-4505-BEF9-A80F480B4956}.PROD|x64.Build.0 = Release|Any CPU
		{8E595636-64A0-4505-BEF9-A80F480B4956}.Release|Any CPU.ActiveCfg = Release|Any CPU
		{8E595636-64A0-4505-BEF9-A80F480B4956}.Release|Any CPU.Build.0 = Release|Any CPU
		{8E595636-64A0-4505-BEF9-A80F480B4956}.Release|x64.ActiveCfg = Release|Any CPU
		{8E595636-64A0-4505-BEF9-A80F480B4956}.Release|x64.Build.0 = Release|Any CPU
		{8E595636-64A0-4505-BEF9-A80F480B4956}.TestAccount|Any CPU.ActiveCfg = Release|Any CPU
		{8E595636-64A0-4505-BEF9-A80F480B4956}.TestAccount|Any CPU.Build.0 = Release|Any CPU
		{8E595636-64A0-4505-BEF9-A80F480B4956}.TestAccount|x64.ActiveCfg = Release|Any CPU
		{8E595636-64A0-4505-BEF9-A80F480B4956}.TestAccount|x64.Build.0 = Release|Any CPU
		{8E595636-64A0-4505-BEF9-A80F480B4956}.UAT|Any CPU.ActiveCfg = Release|Any CPU
		{8E595636-64A0-4505-BEF9-A80F480B4956}.UAT|Any CPU.Build.0 = Release|Any CPU
		{8E595636-64A0-4505-BEF9-A80F480B4956}.UAT|x64.ActiveCfg = Release|Any CPU
		{8E595636-64A0-4505-BEF9-A80F480B4956}.UAT|x64.Build.0 = Release|Any CPU
	EndGlobalSection
	GlobalSection(SolutionProperties) = preSolution
		HideSolutionNode = FALSE
	EndGlobalSection
EndGlobal
